
Microsoft Visual Studio Solution File, Format Version 12.00
# Visual Studio Version 17
VisualStudioVersion = 17.11.35222.181
MinimumVisualStudioVersion = 10.0.40219.1
Project("{9A19103F-16F7-4668-BE54-9A1E7A4F7556}") = "KeystoreDB.Core", "KeystoreDB.Core\KeystoreDB.Core.csproj", "{3ED2E0CA-BA78-4EB7-A60D-4070E1D01D87}"
EndProject
Project("{9A19103F-16F7-4668-BE54-9A1E7A4F7556}") = "KeystoreDB", "KeystoreDB\KeystoreDB.csproj", "{5143D6CD-75AF-462F-803D-61646F2465D2}"
EndProject
Project("{9A19103F-16F7-4668-BE54-9A1E7A4F7556}") = "KeystoreDBProgram", "KeystoreDBProgram\KeystoreDBProgram.csproj", "{DCB25C30-6090-4B19-A732-E4601B254CE8}"
EndProject
Project("{9A19103F-16F7-4668-BE54-9A1E7A4F7556}") = "KeystoreDB.Tests", "KeystoreDB.Tests\KeystoreDB.Tests.csproj", "{1D2C6329-12FA-4CD8-B9E5-E34FAB87E48C}"
EndProject
Project("{2150E333-8FDC-42A3-9474-1A3956D46DE8}") = "Solution Items", "Solution Items", "{14767A55-AFE4-47E9-884B-E93994FC75AB}"
	ProjectSection(SolutionItems) = preProject
		.gitignore = .gitignore
		Readme.md = Readme.md
	EndProjectSection
EndProject
Project("{9A19103F-16F7-4668-BE54-9A1E7A4F7556}") = "testencdec", "testencdec\testencdec.csproj", "{5D27593A-BF75-4CA0-A9A7-FB6DA153C45F}"
EndProject
Project("{9A19103F-16F7-4668-BE54-9A1E7A4F7556}") = "KeystoreDB.Core.Tests", "KeystoreDB.Core.Tests\KeystoreDB.Core.Tests.csproj", "{0565664A-216B-4313-8995-6D4222597F8F}"
EndProject
Global
	GlobalSection(SolutionConfigurationPlatforms) = preSolution
		Debug|Any CPU = Debug|Any CPU
		Release|Any CPU = Release|Any CPU
	EndGlobalSection
	GlobalSection(ProjectConfigurationPlatforms) = postSolution
		{3ED2E0CA-BA78-4EB7-A60D-4070E1D01D87}.Debug|Any CPU.ActiveCfg = Debug|Any CPU
		{3ED2E0CA-BA78-4EB7-A60D-4070E1D01D87}.Debug|Any CPU.Build.0 = Debug|Any CPU
		{3ED2E0CA-BA78-4EB7-A60D-4070E1D01D87}.Release|Any CPU.ActiveCfg = Release|Any CPU
		{3ED2E0CA-BA78-4EB7-A60D-4070E1D01D87}.Release|Any CPU.Build.0 = Release|Any CPU
		{5143D6CD-75AF-462F-803D-61646F2465D2}.Debug|Any CPU.ActiveCfg = Debug|Any CPU
		{5143D6CD-75AF-462F-803D-61646F2465D2}.Debug|Any CPU.Build.0 = Debug|Any CPU
		{5143D6CD-75AF-462F-803D-61646F2465D2}.Release|Any CPU.ActiveCfg = Release|Any CPU
		{5143D6CD-75AF-462F-803D-61646F2465D2}.Release|Any CPU.Build.0 = Release|Any CPU
		{DCB25C30-6090-4B19-A732-E4601B254CE8}.Debug|Any CPU.ActiveCfg = Debug|Any CPU
		{DCB25C30-6090-4B19-A732-E4601B254CE8}.Debug|Any CPU.Build.0 = Debug|Any CPU
		{DCB25C30-6090-4B19-A732-E4601B254CE8}.Release|Any CPU.ActiveCfg = Release|Any CPU
		{DCB25C30-6090-4B19-A732-E4601B254CE8}.Release|Any CPU.Build.0 = Release|Any CPU
		{1D2C6329-12FA-4CD8-B9E5-E34FAB87E48C}.Debug|Any CPU.ActiveCfg = Debug|Any CPU
		{1D2C6329-12FA-4CD8-B9E5-E34FAB87E48C}.Debug|Any CPU.Build.0 = Debug|Any CPU
		{1D2C6329-12FA-4CD8-B9E5-E34FAB87E48C}.Release|Any CPU.ActiveCfg = Release|Any CPU
		{1D2C6329-12FA-4CD8-B9E5-E34FAB87E48C}.Release|Any CPU.Build.0 = Release|Any CPU
		{5D27593A-BF75-4CA0-A9A7-FB6DA153C45F}.Debug|Any CPU.ActiveCfg = Debug|Any CPU
		{5D27593A-BF75-4CA0-A9A7-FB6DA153C45F}.Debug|Any CPU.Build.0 = Debug|Any CPU
		{5D27593A-BF75-4CA0-A9A7-FB6DA153C45F}.Release|Any CPU.ActiveCfg = Release|Any CPU
		{5D27593A-BF75-4CA0-A9A7-FB6DA153C45F}.Release|Any CPU.Build.0 = Release|Any CPU
		{0565664A-216B-4313-8995-6D4222597F8F}.Debug|Any CPU.ActiveCfg = Debug|Any CPU
		{0565664A-216B-4313-8995-6D4222597F8F}.Debug|Any CPU.Build.0 = Debug|Any CPU
		{0565664A-216B-4313-8995-6D4222597F8F}.Release|Any CPU.ActiveCfg = Release|Any CPU
		{0565664A-216B-4313-8995-6D4222597F8F}.Release|Any CPU.Build.0 = Release|Any CPU
	EndGlobalSection
	GlobalSection(SolutionProperties) = preSolution
		HideSolutionNode = FALSE
	EndGlobalSection
	GlobalSection(ExtensibilityGlobals) = postSolution
		SolutionGuid = {AEAF1D35-F6D6-48FF-A665-3EA4F58450D1}
	EndGlobalSection
EndGlobal
